
Microsoft Visual Studio Solution File, Format Version 12.00
# Visual Studio Version 17
VisualStudioVersion = 17.5.33414.496
MinimumVisualStudioVersion = 10.0.40219.1
Project("{FAE04EC0-301F-11D3-BF4B-00C04F79EFBC}") = "Database_module", "Database_module\Database_module.csproj", "{211FB851-5FFB-4428-9421-EEA9125BE887}"
EndProject
Global
	GlobalSection(SolutionConfigurationPlatforms) = preSolution
		Debug|Any CPU = Debug|Any CPU
		Release|Any CPU = Release|Any CPU
	EndGlobalSection
	GlobalSection(ProjectConfigurationPlatforms) = postSolution
		{211FB851-5FFB-4428-9421-EEA9125BE887}.Debug|Any CPU.ActiveCfg = Debug|Any CPU
		{211FB851-5FFB-4428-9421-EEA9125BE887}.Debug|Any CPU.Build.0 = Debug|Any CPU
		{211FB851-5FFB-4428-9421-EEA9125BE887}.Release|Any CPU.ActiveCfg = Release|Any CPU
		{211FB851-5FFB-4428-9421-EEA9125BE887}.Release|Any CPU.Build.0 = Release|Any CPU
	EndGlobalSection
	GlobalSection(SolutionProperties) = preSolution
		HideSolutionNode = FALSE
	EndGlobalSection
	GlobalSection(ExtensibilityGlobals) = postSolution
		SolutionGuid = {4058AD5B-546E-43CE-9C74-80817A5C97E9}
	EndGlobalSection
EndGlobal
